
Microsoft Visual Studio Solution File, Format Version 12.00
# Visual Studio 14
VisualStudioVersion = 14.0.24720.0
MinimumVisualStudioVersion = 10.0.40219.1
Project("{FAE04EC0-301F-11D3-BF4B-00C04F79EFBC}") = "LinkShortenService.Site", "LinkShortenService.Site\LinkShortenService.Site.csproj", "{22396D17-192D-4717-8021-E21D54607A11}"
EndProject
Project("{FAE04EC0-301F-11D3-BF4B-00C04F79EFBC}") = "LinkShortenService.Data", "LinkShortenService.Data\LinkShortenService.Data.csproj", "{D706B91B-B7FC-426E-B01C-B5033F444C8E}"
EndProject
Project("{FAE04EC0-301F-11D3-BF4B-00C04F79EFBC}") = "LinkShortenService.Core", "LinkShortenService.Core\LinkShortenService.Core.csproj", "{F4A73308-B316-4655-9AA2-815A91879AB1}"
EndProject
Project("{FAE04EC0-301F-11D3-BF4B-00C04F79EFBC}") = "LinkShortenService.Models", "LinkShortenService.Models\LinkShortenService.Models.csproj", "{9C053DC3-95A4-4733-AD14-1AD68BEAD9E7}"
EndProject
Global
	GlobalSection(SolutionConfigurationPlatforms) = preSolution
		Debug|Any CPU = Debug|Any CPU
		Release|Any CPU = Release|Any CPU
	EndGlobalSection
	GlobalSection(ProjectConfigurationPlatforms) = postSolution
		{22396D17-192D-4717-8021-E21D54607A11}.Debug|Any CPU.ActiveCfg = Debug|Any CPU
		{22396D17-192D-4717-8021-E21D54607A11}.Debug|Any CPU.Build.0 = Debug|Any CPU
		{22396D17-192D-4717-8021-E21D54607A11}.Release|Any CPU.ActiveCfg = Release|Any CPU
		{22396D17-192D-4717-8021-E21D54607A11}.Release|Any CPU.Build.0 = Release|Any CPU
		{D706B91B-B7FC-426E-B01C-B5033F444C8E}.Debug|Any CPU.ActiveCfg = Debug|Any CPU
		{D706B91B-B7FC-426E-B01C-B5033F444C8E}.Debug|Any CPU.Build.0 = Debug|Any CPU
		{D706B91B-B7FC-426E-B01C-B5033F444C8E}.Release|Any CPU.ActiveCfg = Release|Any CPU
		{D706B91B-B7FC-426E-B01C-B5033F444C8E}.Release|Any CPU.Build.0 = Release|Any CPU
		{F4A73308-B316-4655-9AA2-815A91879AB1}.Debug|Any CPU.ActiveCfg = Debug|Any CPU
		{F4A73308-B316-4655-9AA2-815A91879AB1}.Debug|Any CPU.Build.0 = Debug|Any CPU
		{F4A73308-B316-4655-9AA2-815A91879AB1}.Release|Any CPU.ActiveCfg = Release|Any CPU
		{F4A73308-B316-4655-9AA2-815A91879AB1}.Release|Any CPU.Build.0 = Release|Any CPU
		{9C053DC3-95A4-4733-AD14-1AD68BEAD9E7}.Debug|Any CPU.ActiveCfg = Debug|Any CPU
		{9C053DC3-95A4-4733-AD14-1AD68BEAD9E7}.Debug|Any CPU.Build.0 = Debug|Any CPU
		{9C053DC3-95A4-4733-AD14-1AD68BEAD9E7}.Release|Any CPU.ActiveCfg = Release|Any CPU
		{9C053DC3-95A4-4733-AD14-1AD68BEAD9E7}.Release|Any CPU.Build.0 = Release|Any CPU
	EndGlobalSection
	GlobalSection(SolutionProperties) = preSolution
		HideSolutionNode = FALSE
	EndGlobalSection
EndGlobal
